dependencies:
  rollup: 2.17.1
lockfileVersion: 5.1
packages:
  /fsevents/2.1.3:
    dev: false
    engines:
      node: ^8.16.0 || ^10.6.0 || >=11.0.0
    optional: true
    os:
      - darwin
    resolution:
      integrity: sha512-Auw9a4AxqWpa9GUfj370BMPzzyncfBABW8Mab7BGWBYDj4Isgq+cDKtx0i6u9jcX9pQDnswsaaOTgTmA5pEjuQ==
  /rollup/2.17.1:
    dev: false
    engines:
      node: '>=10.0.0'
    hasBin: true
    optionalDependencies:
      fsevents: 2.1.3
    resolution:
      integrity: sha512-lVrtCXJ+08Eapa0SfApLmRNWNWm2FsYFnLPIJZJvZz2uI2Gv+dfPyu1zgF7KKF/HYFJDvjxbdCbI8lUVMnG7Sg==
specifiers:
  rollup: ^2.17.1
